
Microsoft Visual Studio Solution File, Format Version 12.00
# Visual Studio Version 17
VisualStudioVersion = 17.5.002.0
MinimumVisualStudioVersion = 10.0.40219.1
Project("{9A19103F-16F7-4668-BE54-9A1E7A4F7556}") = "Mods", "Mods.csproj", "{16E33E45-8C9F-4F86-A451-6D843CC9BDE3}"
EndProject
Global
	GlobalSection(SolutionConfigurationPlatforms) = preSolution
		Debug|Any CPU = Debug|Any CPU
		Release|Any CPU = Release|Any CPU
	EndGlobalSection
	GlobalSection(ProjectConfigurationPlatforms) = postSolution
		{16E33E45-8C9F-4F86-A451-6D843CC9BDE3}.Debug|Any CPU.ActiveCfg = Debug|Any CPU
		{16E33E45-8C9F-4F86-A451-6D843CC9BDE3}.Debug|Any CPU.Build.0 = Debug|Any CPU
		{16E33E45-8C9F-4F86-A451-6D843CC9BDE3}.Release|Any CPU.ActiveCfg = Release|Any CPU
		{16E33E45-8C9F-4F86-A451-6D843CC9BDE3}.Release|Any CPU.Build.0 = Release|Any CPU
	EndGlobalSection
	GlobalSection(SolutionProperties) = preSolution
		HideSolutionNode = FALSE
	EndGlobalSection
	GlobalSection(ExtensibilityGlobals) = postSolution
		SolutionGuid = {C9C1ECA6-2847-4D65-B44A-FBCFE2231432}
	EndGlobalSection
EndGlobal
